
Microsoft Visual Studio Solution File, Format Version 12.00
# Visual Studio Version 17
VisualStudioVersion = 17.5.33424.131
MinimumVisualStudioVersion = 10.0.40219.1
Project("{2150E333-8FDC-42A3-9474-1A3956D46DE8}") = "Tools", "Tools", "{B5611530-645B-457A-A401-4524BAF728F5}"
EndProject
Project("{2150E333-8FDC-42A3-9474-1A3956D46DE8}") = "_Libs", "_Libs", "{6465875F-CA02-4C36-BE5D-2E2F797951D5}"
EndProject
Project("{9A19103F-16F7-4668-BE54-9A1E7A4F7556}") = "SQLM", "Tools\SQLM\SQLM.csproj", "{9694CBA5-E738-4ACE-8FC6-44653B300D3F}"
EndProject
Project("{9A19103F-16F7-4668-BE54-9A1E7A4F7556}") = "UMod", "Tools\UMod\UMod.csproj", "{5631701E-F6A1-4370-8AA4-2A4CCEE1DB4D}"
EndProject
Project("{2150E333-8FDC-42A3-9474-1A3956D46DE8}") = "Net4", "Net4", "{4F9E3502-DA11-407E-A100-DE7E1C7CE234}"
EndProject
Project("{2150E333-8FDC-42A3-9474-1A3956D46DE8}") = "Net4x", "Net4x", "{FA09D974-CA0D-4898-ABF9-B9A66D7A944B}"
EndProject
Project("{2150E333-8FDC-42A3-9474-1A3956D46DE8}") = "Net6", "Net6", "{E638F97D-BDB4-4941-9D70-ED36D4D8E132}"
EndProject
Project("{2150E333-8FDC-42A3-9474-1A3956D46DE8}") = "Net7x", "Net7x", "{DB2B3080-65C9-4622-B444-E363D0C387FD}"
EndProject
Project("{9A19103F-16F7-4668-BE54-9A1E7A4F7556}") = "Libs4x.CI", "Libs.CI\Libs4x.CI\Libs4x.CI.csproj", "{A2BC9426-B46F-40D4-8941-ADA16B92999A}"
EndProject
Project("{9A19103F-16F7-4668-BE54-9A1E7A4F7556}") = "Libs4x", "Libs\Libs4x\Libs4x.csproj", "{4017FCFF-33EC-4A25-BA79-95A0E0D05013}"
EndProject
Project("{9A19103F-16F7-4668-BE54-9A1E7A4F7556}") = "Libs4x.Matrix", "Libs.Matrix\Libs4x.Matrix\Libs4x.Matrix.csproj", "{A37C5973-261F-4D4A-BD91-C290DD7A9F53}"
EndProject
Project("{9A19103F-16F7-4668-BE54-9A1E7A4F7556}") = "Libs4x.Win32", "Libs.Win32\Libs4x.Win32\Libs4x.Win32.csproj", "{B7938CC1-5CE8-402F-944D-B57F5FA2444B}"
EndProject
Project("{9A19103F-16F7-4668-BE54-9A1E7A4F7556}") = "Libs6x", "Libs\Libs6x\Libs6x.csproj", "{4442A81B-3C66-4A33-8BFA-DFE43C92D9A0}"
EndProject
Project("{9A19103F-16F7-4668-BE54-9A1E7A4F7556}") = "Libs6x.CI", "Libs.CI\Libs6x.CI\Libs6x.CI.csproj", "{7CFD6267-C3D0-4E06-8F4E-A327DC456C2B}"
EndProject
Project("{9A19103F-16F7-4668-BE54-9A1E7A4F7556}") = "Libs6x.CI.Win32", "Libs.CI.Win32\Libs6x.CI.Win32\Libs6x.CI.Win32.csproj", "{C2E56FF2-3AFB-4DB5-B03B-1287634A0DE2}"
EndProject
Project("{9A19103F-16F7-4668-BE54-9A1E7A4F7556}") = "Libs6x.Linux", "Libs.Linux\Libs6x.Linux\Libs6x.Linux.csproj", "{881628B1-4478-4A93-8662-231C88C0ECA1}"
EndProject
Project("{9A19103F-16F7-4668-BE54-9A1E7A4F7556}") = "Libs6x.Matrix", "Libs.Matrix\Libs6x.Matrix\Libs6x.Matrix.csproj", "{32D7AD32-92A9-4BE2-AB6C-252418242A3C}"
EndProject
Project("{9A19103F-16F7-4668-BE54-9A1E7A4F7556}") = "Libs6x.Win32", "Libs.Win32\Libs6x.Win32\Libs6x.Win32.csproj", "{F737A4A6-2018-4948-915E-51043F99B2D8}"
EndProject
Project("{9A19103F-16F7-4668-BE54-9A1E7A4F7556}") = "Libs7x", "Libs\Libs7x\Libs7x.csproj", "{8F9E3110-0E9C-4D10-9029-865A9F708B4C}"
EndProject
Project("{9A19103F-16F7-4668-BE54-9A1E7A4F7556}") = "Libs7x.CI", "Libs.CI\Libs7x.CI\Libs7x.CI.csproj", "{B4005A70-2142-4582-BABF-F661D03662AB}"
EndProject
Project("{9A19103F-16F7-4668-BE54-9A1E7A4F7556}") = "Libs7x.CI.Win32", "Libs.CI.Win32\Libs7x.CI.Win32\Libs7x.CI.Win32.csproj", "{EFE9C636-1049-49EB-A7EC-1FFBA89C4D7D}"
EndProject
Project("{9A19103F-16F7-4668-BE54-9A1E7A4F7556}") = "Libs7x.Linux", "Libs.Linux\Libs7x.Linux\Libs7x.Linux.csproj", "{30BFB92F-5EB3-4359-BE96-355719D2B726}"
EndProject
Project("{9A19103F-16F7-4668-BE54-9A1E7A4F7556}") = "Libs7x.Matrix", "Libs.Matrix\Libs7x.Matrix\Libs7x.Matrix.csproj", "{D7E5B530-821D-4349-8049-8193EEEB136B}"
EndProject
Project("{9A19103F-16F7-4668-BE54-9A1E7A4F7556}") = "Libs7x.Win32", "Libs.Win32\Libs7x.Win32\Libs7x.Win32.csproj", "{A9456403-C14C-400C-AABD-9B151C4A8B0C}"
EndProject
Project("{2150E333-8FDC-42A3-9474-1A3956D46DE8}") = "Net6x", "Net6x", "{B2CE6DAF-B482-4638-BCD0-AD1AF7356484}"
EndProject
Project("{2150E333-8FDC-42A3-9474-1A3956D46DE8}") = "Net7x", "Net7x", "{BED5F032-8839-4275-9763-DE7311AD53F3}"
EndProject
Project("{9A19103F-16F7-4668-BE54-9A1E7A4F7556}") = "Miru4x", "..\Miru\Libs\Miru\Miru4x\Miru4x.csproj", "{FBEE2BE8-37DA-4604-B1B8-443DE4C8D73B}"
EndProject
Project("{9A19103F-16F7-4668-BE54-9A1E7A4F7556}") = "Miru6x", "..\Miru\Libs\Miru\Miru6x\Miru6x.csproj", "{BB8A04BE-8B5D-4CAD-B640-032EB81F45EB}"
EndProject
Project("{9A19103F-16F7-4668-BE54-9A1E7A4F7556}") = "Miru7x", "..\Miru\Libs\Miru\Miru7x\Miru7x.csproj", "{EA563B22-D00A-4636-83A8-E3C21B43B436}"
EndProject
Global
	GlobalSection(SolutionConfigurationPlatforms) = preSolution
		Debug|Any CPU = Debug|Any CPU
		Release|Any CPU = Release|Any CPU
	EndGlobalSection
	GlobalSection(ProjectConfigurationPlatforms) = postSolution
		{9694CBA5-E738-4ACE-8FC6-44653B300D3F}.Debug|Any CPU.ActiveCfg = Debug|Any CPU
		{9694CBA5-E738-4ACE-8FC6-44653B300D3F}.Debug|Any CPU.Build.0 = Debug|Any CPU
		{9694CBA5-E738-4ACE-8FC6-44653B300D3F}.Release|Any CPU.ActiveCfg = Release|Any CPU
		{9694CBA5-E738-4ACE-8FC6-44653B300D3F}.Release|Any CPU.Build.0 = Release|Any CPU
		{5631701E-F6A1-4370-8AA4-2A4CCEE1DB4D}.Debug|Any CPU.ActiveCfg = Debug|Any CPU
		{5631701E-F6A1-4370-8AA4-2A4CCEE1DB4D}.Debug|Any CPU.Build.0 = Debug|Any CPU
		{5631701E-F6A1-4370-8AA4-2A4CCEE1DB4D}.Release|Any CPU.ActiveCfg = Release|Any CPU
		{5631701E-F6A1-4370-8AA4-2A4CCEE1DB4D}.Release|Any CPU.Build.0 = Release|Any CPU
		{A2BC9426-B46F-40D4-8941-ADA16B92999A}.Debug|Any CPU.ActiveCfg = Debug|Any CPU
		{A2BC9426-B46F-40D4-8941-ADA16B92999A}.Debug|Any CPU.Build.0 = Debug|Any CPU
		{A2BC9426-B46F-40D4-8941-ADA16B92999A}.Release|Any CPU.ActiveCfg = Release|Any CPU
		{A2BC9426-B46F-40D4-8941-ADA16B92999A}.Release|Any CPU.Build.0 = Release|Any CPU
		{4017FCFF-33EC-4A25-BA79-95A0E0D05013}.Debug|Any CPU.ActiveCfg = Debug|Any CPU
		{4017FCFF-33EC-4A25-BA79-95A0E0D05013}.Debug|Any CPU.Build.0 = Debug|Any CPU
		{4017FCFF-33EC-4A25-BA79-95A0E0D05013}.Release|Any CPU.ActiveCfg = Release|Any CPU
		{4017FCFF-33EC-4A25-BA79-95A0E0D05013}.Release|Any CPU.Build.0 = Release|Any CPU
		{A37C5973-261F-4D4A-BD91-C290DD7A9F53}.Debug|Any CPU.ActiveCfg = Debug|Any CPU
		{A37C5973-261F-4D4A-BD91-C290DD7A9F53}.Debug|Any CPU.Build.0 = Debug|Any CPU
		{A37C5973-261F-4D4A-BD91-C290DD7A9F53}.Release|Any CPU.ActiveCfg = Release|Any CPU
		{A37C5973-261F-4D4A-BD91-C290DD7A9F53}.Release|Any CPU.Build.0 = Release|Any CPU
		{B7938CC1-5CE8-402F-944D-B57F5FA2444B}.Debug|Any CPU.ActiveCfg = Debug|Any CPU
		{B7938CC1-5CE8-402F-944D-B57F5FA2444B}.Debug|Any CPU.Build.0 = Debug|Any CPU
		{B7938CC1-5CE8-402F-944D-B57F5FA2444B}.Release|Any CPU.ActiveCfg = Release|Any CPU
		{B7938CC1-5CE8-402F-944D-B57F5FA2444B}.Release|Any CPU.Build.0 = Release|Any CPU
		{4442A81B-3C66-4A33-8BFA-DFE43C92D9A0}.Debug|Any CPU.ActiveCfg = Debug|Any CPU
		{4442A81B-3C66-4A33-8BFA-DFE43C92D9A0}.Debug|Any CPU.Build.0 = Debug|Any CPU
		{4442A81B-3C66-4A33-8BFA-DFE43C92D9A0}.Release|Any CPU.ActiveCfg = Release|Any CPU
		{4442A81B-3C66-4A33-8BFA-DFE43C92D9A0}.Release|Any CPU.Build.0 = Release|Any CPU
		{7CFD6267-C3D0-4E06-8F4E-A327DC456C2B}.Debug|Any CPU.ActiveCfg = Debug|Any CPU
		{7CFD6267-C3D0-4E06-8F4E-A327DC456C2B}.Debug|Any CPU.Build.0 = Debug|Any CPU
		{7CFD6267-C3D0-4E06-8F4E-A327DC456C2B}.Release|Any CPU.ActiveCfg = Release|Any CPU
		{7CFD6267-C3D0-4E06-8F4E-A327DC456C2B}.Release|Any CPU.Build.0 = Release|Any CPU
		{C2E56FF2-3AFB-4DB5-B03B-1287634A0DE2}.Debug|Any CPU.ActiveCfg = Debug|Any CPU
		{C2E56FF2-3AFB-4DB5-B03B-1287634A0DE2}.Debug|Any CPU.Build.0 = Debug|Any CPU
		{C2E56FF2-3AFB-4DB5-B03B-1287634A0DE2}.Release|Any CPU.ActiveCfg = Release|Any CPU
		{C2E56FF2-3AFB-4DB5-B03B-1287634A0DE2}.Release|Any CPU.Build.0 = Release|Any CPU
		{881628B1-4478-4A93-8662-231C88C0ECA1}.Debug|Any CPU.ActiveCfg = Debug|Any CPU
		{881628B1-4478-4A93-8662-231C88C0ECA1}.Debug|Any CPU.Build.0 = Debug|Any CPU
		{881628B1-4478-4A93-8662-231C88C0ECA1}.Release|Any CPU.ActiveCfg = Release|Any CPU
		{881628B1-4478-4A93-8662-231C88C0ECA1}.Release|Any CPU.Build.0 = Release|Any CPU
		{32D7AD32-92A9-4BE2-AB6C-252418242A3C}.Debug|Any CPU.ActiveCfg = Debug|Any CPU
		{32D7AD32-92A9-4BE2-AB6C-252418242A3C}.Debug|Any CPU.Build.0 = Debug|Any CPU
		{32D7AD32-92A9-4BE2-AB6C-252418242A3C}.Release|Any CPU.ActiveCfg = Release|Any CPU
		{32D7AD32-92A9-4BE2-AB6C-252418242A3C}.Release|Any CPU.Build.0 = Release|Any CPU
		{F737A4A6-2018-4948-915E-51043F99B2D8}.Debug|Any CPU.ActiveCfg = Debug|Any CPU
		{F737A4A6-2018-4948-915E-51043F99B2D8}.Debug|Any CPU.Build.0 = Debug|Any CPU
		{F737A4A6-2018-4948-915E-51043F99B2D8}.Release|Any CPU.ActiveCfg = Release|Any CPU
		{F737A4A6-2018-4948-915E-51043F99B2D8}.Release|Any CPU.Build.0 = Release|Any CPU
		{8F9E3110-0E9C-4D10-9029-865A9F708B4C}.Debug|Any CPU.ActiveCfg = Debug|Any CPU
		{8F9E3110-0E9C-4D10-9029-865A9F708B4C}.Debug|Any CPU.Build.0 = Debug|Any CPU
		{8F9E3110-0E9C-4D10-9029-865A9F708B4C}.Release|Any CPU.ActiveCfg = Release|Any CPU
		{8F9E3110-0E9C-4D10-9029-865A9F708B4C}.Release|Any CPU.Build.0 = Release|Any CPU
		{B4005A70-2142-4582-BABF-F661D03662AB}.Debug|Any CPU.ActiveCfg = Debug|Any CPU
		{B4005A70-2142-4582-BABF-F661D03662AB}.Debug|Any CPU.Build.0 = Debug|Any CPU
		{B4005A70-2142-4582-BABF-F661D03662AB}.Release|Any CPU.ActiveCfg = Release|Any CPU
		{B4005A70-2142-4582-BABF-F661D03662AB}.Release|Any CPU.Build.0 = Release|Any CPU
		{EFE9C636-1049-49EB-A7EC-1FFBA89C4D7D}.Debug|Any CPU.ActiveCfg = Debug|Any CPU
		{EFE9C636-1049-49EB-A7EC-1FFBA89C4D7D}.Debug|Any CPU.Build.0 = Debug|Any CPU
		{EFE9C636-1049-49EB-A7EC-1FFBA89C4D7D}.Release|Any CPU.ActiveCfg = Release|Any CPU
		{EFE9C636-1049-49EB-A7EC-1FFBA89C4D7D}.Release|Any CPU.Build.0 = Release|Any CPU
		{30BFB92F-5EB3-4359-BE96-355719D2B726}.Debug|Any CPU.ActiveCfg = Debug|Any CPU
		{30BFB92F-5EB3-4359-BE96-355719D2B726}.Debug|Any CPU.Build.0 = Debug|Any CPU
		{30BFB92F-5EB3-4359-BE96-355719D2B726}.Release|Any CPU.ActiveCfg = Release|Any CPU
		{30BFB92F-5EB3-4359-BE96-355719D2B726}.Release|Any CPU.Build.0 = Release|Any CPU
		{D7E5B530-821D-4349-8049-8193EEEB136B}.Debug|Any CPU.ActiveCfg = Debug|Any CPU
		{D7E5B530-821D-4349-8049-8193EEEB136B}.Debug|Any CPU.Build.0 = Debug|Any CPU
		{D7E5B530-821D-4349-8049-8193EEEB136B}.Release|Any CPU.ActiveCfg = Release|Any CPU
		{D7E5B530-821D-4349-8049-8193EEEB136B}.Release|Any CPU.Build.0 = Release|Any CPU
		{A9456403-C14C-400C-AABD-9B151C4A8B0C}.Debug|Any CPU.ActiveCfg = Debug|Any CPU
		{A9456403-C14C-400C-AABD-9B151C4A8B0C}.Debug|Any CPU.Build.0 = Debug|Any CPU
		{A9456403-C14C-400C-AABD-9B151C4A8B0C}.Release|Any CPU.ActiveCfg = Release|Any CPU
		{A9456403-C14C-400C-AABD-9B151C4A8B0C}.Release|Any CPU.Build.0 = Release|Any CPU
		{FBEE2BE8-37DA-4604-B1B8-443DE4C8D73B}.Debug|Any CPU.ActiveCfg = Debug|Any CPU
		{FBEE2BE8-37DA-4604-B1B8-443DE4C8D73B}.Debug|Any CPU.Build.0 = Debug|Any CPU
		{FBEE2BE8-37DA-4604-B1B8-443DE4C8D73B}.Release|Any CPU.ActiveCfg = Release|Any CPU
		{FBEE2BE8-37DA-4604-B1B8-443DE4C8D73B}.Release|Any CPU.Build.0 = Release|Any CPU
		{BB8A04BE-8B5D-4CAD-B640-032EB81F45EB}.Debug|Any CPU.ActiveCfg = Debug|Any CPU
		{BB8A04BE-8B5D-4CAD-B640-032EB81F45EB}.Debug|Any CPU.Build.0 = Debug|Any CPU
		{BB8A04BE-8B5D-4CAD-B640-032EB81F45EB}.Release|Any CPU.ActiveCfg = Release|Any CPU
		{BB8A04BE-8B5D-4CAD-B640-032EB81F45EB}.Release|Any CPU.Build.0 = Release|Any CPU
		{EA563B22-D00A-4636-83A8-E3C21B43B436}.Debug|Any CPU.ActiveCfg = Debug|Any CPU
		{EA563B22-D00A-4636-83A8-E3C21B43B436}.Debug|Any CPU.Build.0 = Debug|Any CPU
		{EA563B22-D00A-4636-83A8-E3C21B43B436}.Release|Any CPU.ActiveCfg = Release|Any CPU
		{EA563B22-D00A-4636-83A8-E3C21B43B436}.Release|Any CPU.Build.0 = Release|Any CPU
	EndGlobalSection
	GlobalSection(SolutionProperties) = preSolution
		HideSolutionNode = FALSE
	EndGlobalSection
	GlobalSection(NestedProjects) = preSolution
		{9694CBA5-E738-4ACE-8FC6-44653B300D3F} = {B5611530-645B-457A-A401-4524BAF728F5}
		{5631701E-F6A1-4370-8AA4-2A4CCEE1DB4D} = {B5611530-645B-457A-A401-4524BAF728F5}
		{FA09D974-CA0D-4898-ABF9-B9A66D7A944B} = {6465875F-CA02-4C36-BE5D-2E2F797951D5}
		{A2BC9426-B46F-40D4-8941-ADA16B92999A} = {4F9E3502-DA11-407E-A100-DE7E1C7CE234}
		{4017FCFF-33EC-4A25-BA79-95A0E0D05013} = {4F9E3502-DA11-407E-A100-DE7E1C7CE234}
		{A37C5973-261F-4D4A-BD91-C290DD7A9F53} = {4F9E3502-DA11-407E-A100-DE7E1C7CE234}
		{B7938CC1-5CE8-402F-944D-B57F5FA2444B} = {4F9E3502-DA11-407E-A100-DE7E1C7CE234}
		{4442A81B-3C66-4A33-8BFA-DFE43C92D9A0} = {E638F97D-BDB4-4941-9D70-ED36D4D8E132}
		{7CFD6267-C3D0-4E06-8F4E-A327DC456C2B} = {E638F97D-BDB4-4941-9D70-ED36D4D8E132}
		{C2E56FF2-3AFB-4DB5-B03B-1287634A0DE2} = {E638F97D-BDB4-4941-9D70-ED36D4D8E132}
		{881628B1-4478-4A93-8662-231C88C0ECA1} = {E638F97D-BDB4-4941-9D70-ED36D4D8E132}
		{32D7AD32-92A9-4BE2-AB6C-252418242A3C} = {E638F97D-BDB4-4941-9D70-ED36D4D8E132}
		{F737A4A6-2018-4948-915E-51043F99B2D8} = {E638F97D-BDB4-4941-9D70-ED36D4D8E132}
		{8F9E3110-0E9C-4D10-9029-865A9F708B4C} = {DB2B3080-65C9-4622-B444-E363D0C387FD}
		{B4005A70-2142-4582-BABF-F661D03662AB} = {DB2B3080-65C9-4622-B444-E363D0C387FD}
		{EFE9C636-1049-49EB-A7EC-1FFBA89C4D7D} = {DB2B3080-65C9-4622-B444-E363D0C387FD}
		{30BFB92F-5EB3-4359-BE96-355719D2B726} = {DB2B3080-65C9-4622-B444-E363D0C387FD}
		{D7E5B530-821D-4349-8049-8193EEEB136B} = {DB2B3080-65C9-4622-B444-E363D0C387FD}
		{A9456403-C14C-400C-AABD-9B151C4A8B0C} = {DB2B3080-65C9-4622-B444-E363D0C387FD}
		{B2CE6DAF-B482-4638-BCD0-AD1AF7356484} = {6465875F-CA02-4C36-BE5D-2E2F797951D5}
		{BED5F032-8839-4275-9763-DE7311AD53F3} = {6465875F-CA02-4C36-BE5D-2E2F797951D5}
		{FBEE2BE8-37DA-4604-B1B8-443DE4C8D73B} = {FA09D974-CA0D-4898-ABF9-B9A66D7A944B}
		{BB8A04BE-8B5D-4CAD-B640-032EB81F45EB} = {B2CE6DAF-B482-4638-BCD0-AD1AF7356484}
		{EA563B22-D00A-4636-83A8-E3C21B43B436} = {BED5F032-8839-4275-9763-DE7311AD53F3}
	EndGlobalSection
	GlobalSection(ExtensibilityGlobals) = postSolution
		SolutionGuid = {CE7E6EE3-1B01-4262-9C22-A28FF44988C5}
	EndGlobalSection
EndGlobal
